# THIS IS AN AUTOGENERATED FILE. DO NOT EDIT THIS FILE DIRECTLY.
# yarn lockfile v1


"@next/env@13.4.12":
  "integrity" "sha512-RmHanbV21saP/6OEPBJ7yJMuys68cIf8OBBWd7+uj40LdpmswVAwe1uzeuFyUsd6SfeITWT3XnQfn6wULeKwDQ=="
  "resolved" "https://registry.npmjs.org/@next/env/-/env-13.4.12.tgz"
  "version" "13.4.12"

"@next/swc-linux-x64-gnu@13.4.12":
  "integrity" "sha512-1DWLL/B9nBNiQRng+1aqs3OaZcxC16Nf+mOnpcrZZSdyKHek3WQh6j/fkbukObgNGwmCoVevLUa/p3UFTTqgqg=="
  "resolved" "https://registry.npmjs.org/@next/swc-linux-x64-gnu/-/swc-linux-x64-gnu-13.4.12.tgz"
  "version" "13.4.12"

"@next/swc-linux-x64-musl@13.4.12":
  "integrity" "sha512-kEAJmgYFhp0VL+eRWmUkVxLVunn7oL9Mdue/FS8yzRBVj7Z0AnIrHpTIeIUl1bbdQq1VaoOztnKicAjfkLTRCQ=="
  "resolved" "https://registry.npmjs.org/@next/swc-linux-x64-musl/-/swc-linux-x64-musl-13.4.12.tgz"
  "version" "13.4.12"

"@swc/helpers@0.5.1":
  "integrity" "sha512-sJ902EfIzn1Fa+qYmjdQqh8tPsoxyBz+8yBKC2HKUxyezKJFwPGOn7pv4WY6QuQW//ySQi5lJjA/ZT9sNWWNTg=="
  "resolved" "https://registry.npmjs.org/@swc/helpers/-/helpers-0.5.1.tgz"
  "version" "0.5.1"
  dependencies:
    "tslib" "^2.4.0"

"@types/lodash@^4.14.197":
  "integrity" "sha512-BMVOiWs0uNxHVlHBgzTIqJYmj+PgCo4euloGF+5m4okL3rEYzM2EEv78mw8zWSMM57dM7kVIgJ2QDvwHSoCI5g=="
  "resolved" "https://registry.npmjs.org/@types/lodash/-/lodash-4.14.197.tgz"
  "version" "4.14.197"

"@types/node@20.4.4":
  "integrity" "sha512-CukZhumInROvLq3+b5gLev+vgpsIqC2D0deQr/yS1WnxvmYLlJXZpaQrQiseMY+6xusl79E04UjWoqyr+t1/Ew=="
  "resolved" "https://registry.npmjs.org/@types/node/-/node-20.4.4.tgz"
  "version" "20.4.4"

"@types/prop-types@*":
  "integrity" "sha512-JCB8C6SnDoQf0cNycqd/35A7MjcnK+ZTqE7judS6o7utxUCg6imJg3QK2qzHKszlTjcj2cn+NwMB2i96ubpj7w=="
  "resolved" "https://registry.npmjs.org/@types/prop-types/-/prop-types-15.7.5.tgz"
  "version" "15.7.5"

"@types/react-dom@18.2.7":
  "integrity" "sha512-GRaAEriuT4zp9N4p1i8BDBYmEyfo+xQ3yHjJU4eiK5NDa1RmUZG+unZABUTK4/Ox/M+GaHwb6Ow8rUITrtjszA=="
  "resolved" "https://registry.npmjs.org/@types/react-dom/-/react-dom-18.2.7.tgz"
  "version" "18.2.7"
  dependencies:
    "@types/react" "*"

"@types/react@*", "@types/react@18.2.16":
  "integrity" "sha512-LLFWr12ZhBJ4YVw7neWLe6Pk7Ey5R9OCydfuMsz1L8bZxzaawJj2p06Q8/EFEHDeTBQNFLF62X+CG7B2zIyu0Q=="
  "resolved" "https://registry.npmjs.org/@types/react/-/react-18.2.16.tgz"
  "version" "18.2.16"
  dependencies:
    "@types/prop-types" "*"
    "@types/scheduler" "*"
    "csstype" "^3.0.2"

"@types/scheduler@*":
  "integrity" "sha512-5cJ8CB4yAx7BH1oMvdU0Jh9lrEXyPkar6F9G/ERswkCuvP4KQZfZkSjcMbAICCpQTN4OuZn8tz0HiKv9TGZgrQ=="
  "resolved" "https://registry.npmjs.org/@types/scheduler/-/scheduler-0.16.3.tgz"
  "version" "0.16.3"

"anymatch@~3.1.2":
  "integrity" "sha512-KMReFUr0B4t+D+OBkjR3KYqvocp2XaSzO55UcB6mgQMd3KbcE+mWTyvVV7D/zsdEbNnV6acZUutkiHQXvTr1Rw=="
  "resolved" "https://registry.npmjs.org/anymatch/-/anymatch-3.1.3.tgz"
  "version" "3.1.3"
  dependencies:
    "normalize-path" "^3.0.0"
    "picomatch" "^2.0.4"

"asynckit@^0.4.0":
  "integrity" "sha512-Oei9OH4tRh0YqU3GxhX79dM/mwVgvbZJaSNaRk+bshkj0S5cfHcgYakreBjrHwatXKbz+IoIdYLxrKim2MjW0Q=="
  "resolved" "https://registry.npmjs.org/asynckit/-/asynckit-0.4.0.tgz"
  "version" "0.4.0"

"axios@^1.4.0":
  "integrity" "sha512-S4XCWMEmzvo64T9GfvQDOXgYRDJ/wsSZc7Jvdgx5u1sd0JwsuPLqb3SYmusag+edF6ziyMensPVqLTSc1PiSEA=="
  "resolved" "https://registry.npmjs.org/axios/-/axios-1.4.0.tgz"
  "version" "1.4.0"
  dependencies:
    "follow-redirects" "^1.15.0"
    "form-data" "^4.0.0"
    "proxy-from-env" "^1.1.0"

"binary-extensions@^2.0.0":
  "integrity" "sha512-jDctJ/IVQbZoJykoeHbhXpOlNBqGNcwXJKJog42E5HDPUwQTSdjCHdihjj0DlnheQ7blbT6dHOafNAiS8ooQKA=="
  "resolved" "https://registry.npmjs.org/binary-extensions/-/binary-extensions-2.2.0.tgz"
  "version" "2.2.0"

"braces@~3.0.2":
  "integrity" "sha512-b8um+L1RzM3WDSzvhm6gIz1yfTbBt6YTlcEKAvsmqCZZFw46z626lVj9j1yEPW33H5H+lBQpZMP1k8l+78Ha0A=="
  "resolved" "https://registry.npmjs.org/braces/-/braces-3.0.2.tgz"
  "version" "3.0.2"
  dependencies:
    "fill-range" "^7.0.1"

"busboy@1.6.0":
  "integrity" "sha512-8SFQbg/0hQ9xy3UNTB0YEnsNBbWfhf7RtnzpL7TkBiTBRfrQ9Fxcnz7VJsleJpyp6rVLvXiuORqjlHi5q+PYuA=="
  "resolved" "https://registry.npmjs.org/busboy/-/busboy-1.6.0.tgz"
  "version" "1.6.0"
  dependencies:
    "streamsearch" "^1.1.0"

"caniuse-lite@^1.0.30001406":
  "integrity" "sha512-Vdhm5S11DaFVLlyiKu4hiUTkpZu+y1KA/rZZqVQfOD5YdDT/eQKlkt7NaE0WGOFgX32diqt9MiP9CAiFeRklaA=="
  "resolved" "https://registry.npmjs.org/caniuse-lite/-/caniuse-lite-1.0.30001517.tgz"
  "version" "1.0.30001517"

"chokidar@>=3.0.0 <4.0.0":
  "integrity" "sha512-Dr3sfKRP6oTcjf2JmUmFJfeVMvXBdegxB0iVQ5eb2V10uFJUCAS8OByZdVAyVb8xXNz3GjjTgj9kLWsZTqE6kw=="
  "resolved" "https://registry.npmjs.org/chokidar/-/chokidar-3.5.3.tgz"
  "version" "3.5.3"
  dependencies:
    "anymatch" "~3.1.2"
    "braces" "~3.0.2"
    "glob-parent" "~5.1.2"
    "is-binary-path" "~2.1.0"
    "is-glob" "~4.0.1"
    "normalize-path" "~3.0.0"
    "readdirp" "~3.6.0"
  optionalDependencies:
    "fsevents" "~2.3.2"

"client-only@0.0.1":
  "integrity" "sha512-IV3Ou0jSMzZrd3pZ48nLkT9DA7Ag1pnPzaiQhpW7c3RbcqqzvzzVu+L8gfqMp/8IM2MQtSiqaCxrrcfu8I8rMA=="
  "resolved" "https://registry.npmjs.org/client-only/-/client-only-0.0.1.tgz"
  "version" "0.0.1"

"clsx@^1.1.1":
  "integrity" "sha512-EcR6r5a8bj6pu3ycsa/E/cKVGuTgZJZdsyUYHOksG/UHIiKfjxzRxYJpyVBwYaQeOvghal9fcc4PidlgzugAQg=="
  "resolved" "https://registry.npmjs.org/clsx/-/clsx-1.2.1.tgz"
  "version" "1.2.1"

"combined-stream@^1.0.8":
  "integrity" "sha512-FQN4MRfuJeHf7cBbBMJFXhKSDq+2kAArBlmRBvcvFE5BB1HZKXtSFASDhdlz9zOYwxh8lDdnvmMOe/+5cdoEdg=="
  "resolved" "https://registry.npmjs.org/combined-stream/-/combined-stream-1.0.8.tgz"
  "version" "1.0.8"
  dependencies:
    "delayed-stream" "~1.0.0"

"cookie@^0.4.1":
  "integrity" "sha512-aSWTXFzaKWkvHO1Ny/s+ePFpvKsPnjc551iI41v3ny/ow6tBG5Vd+FuqGNhh1LxOmVzOlGUriIlOaokOvhaStA=="
  "resolved" "https://registry.npmjs.org/cookie/-/cookie-0.4.2.tgz"
  "version" "0.4.2"

"csstype@^3.0.2":
  "integrity" "sha512-I7K1Uu0MBPzaFKg4nI5Q7Vs2t+3gWWW648spaF+Rg7pI9ds18Ugn+lvg4SHczUdKlHI5LWBXyqfS8+DufyBsgQ=="
  "resolved" "https://registry.npmjs.org/csstype/-/csstype-3.1.2.tgz"
  "version" "3.1.2"

"delayed-stream@~1.0.0":
  "integrity" "sha512-ZySD7Nf91aLB0RxL4KGrKHBXl7Eds1DAmEdcoVawXnLD7SDhpNgtuII2aAkg7a7QS41jxPSZ17p4VdGnMHk3MQ=="
  "resolved" "https://registry.npmjs.org/delayed-stream/-/delayed-stream-1.0.0.tgz"
  "version" "1.0.0"

"fill-range@^7.0.1":
  "integrity" "sha512-qOo9F+dMUmC2Lcb4BbVvnKJxTPjCm+RRpe4gDuGrzkL7mEVl/djYSu2OdQ2Pa302N4oqkSg9ir6jaLWJ2USVpQ=="
  "resolved" "https://registry.npmjs.org/fill-range/-/fill-range-7.0.1.tgz"
  "version" "7.0.1"
  dependencies:
    "to-regex-range" "^5.0.1"

"follow-redirects@^1.15.0":
  "integrity" "sha512-VQLG33o04KaQ8uYi2tVNbdrWp1QWxNNea+nmIB4EVM28v0hmP17z7aG1+wAkNzVq4KeXTq3221ye5qTJP91JwA=="
  "resolved" "https://registry.npmjs.org/follow-redirects/-/follow-redirects-1.15.2.tgz"
  "version" "1.15.2"

"form-data@^4.0.0":
  "integrity" "sha512-ETEklSGi5t0QMZuiXoA/Q6vcnxcLQP5vdugSpuAyi6SVGi2clPPp+xgEhuMaHC+zGgn31Kd235W35f7Hykkaww=="
  "resolved" "https://registry.npmjs.org/form-data/-/form-data-4.0.0.tgz"
  "version" "4.0.0"
  dependencies:
    "asynckit" "^0.4.0"
    "combined-stream" "^1.0.8"
    "mime-types" "^2.1.12"

"glob-parent@~5.1.2":
  "integrity" "sha512-AOIgSQCepiJYwP3ARnGx+5VnTu2HBYdzbGP45eLw1vr3zB3vZLeyed1sC9hnbcOc9/SrMyM5RPQrkGz4aS9Zow=="
  "resolved" "https://registry.npmjs.org/glob-parent/-/glob-parent-5.1.2.tgz"
  "version" "5.1.2"
  dependencies:
    "is-glob" "^4.0.1"

"glob-to-regexp@^0.4.1":
  "integrity" "sha512-lkX1HJXwyMcprw/5YUZc2s7DrpAiHB21/V+E1rHUrVNokkvB6bqMzT0VfV6/86ZNabt1k14YOIaT7nDvOX3Iiw=="
  "resolved" "https://registry.npmjs.org/glob-to-regexp/-/glob-to-regexp-0.4.1.tgz"
  "version" "0.4.1"

"graceful-fs@^4.1.2":
  "integrity" "sha512-RbJ5/jmFcNNCcDV5o9eTnBLJ/HszWV0P73bc+Ff4nS/rJj+YaS6IGyiOL0VoBYX+l1Wrl3k63h/KrH+nhJ0XvQ=="
  "resolved" "https://registry.npmjs.org/graceful-fs/-/graceful-fs-4.2.11.tgz"
  "version" "4.2.11"

"immutable@^4.0.0":
  "integrity" "sha512-lj9cnmB/kVS0QHsJnYKD1uo3o39nrbKxszjnqS9Fr6NB7bZzW45U6WSGBPKXDL/CvDKqDNPA4r3DoDQ8GTxo2A=="
  "resolved" "https://registry.npmjs.org/immutable/-/immutable-4.3.1.tgz"
  "version" "4.3.1"

"is-binary-path@~2.1.0":
  "integrity" "sha512-ZMERYes6pDydyuGidse7OsHxtbI7WVeUEozgR/g7rd0xUimYNlvZRE/K2MgZTjWy725IfelLeVcEM97mmtRGXw=="
  "resolved" "https://registry.npmjs.org/is-binary-path/-/is-binary-path-2.1.0.tgz"
  "version" "2.1.0"
  dependencies:
    "binary-extensions" "^2.0.0"

"is-extglob@^2.1.1":
  "integrity" "sha512-SbKbANkN603Vi4jEZv49LeVJMn4yGwsbzZworEoyEiutsN3nJYdbO36zfhGJ6QEDpOZIFkDtnq5JRxmvl3jsoQ=="
  "resolved" "https://registry.npmjs.org/is-extglob/-/is-extglob-2.1.1.tgz"
  "version" "2.1.1"

"is-glob@^4.0.1", "is-glob@~4.0.1":
  "integrity" "sha512-xelSayHH36ZgE7ZWhli7pW34hNbNl8Ojv5KVmkJD4hBdD3th8Tfk9vYasLM+mXWOZhFkgZfxhLSnrwRr4elSSg=="
  "resolved" "https://registry.npmjs.org/is-glob/-/is-glob-4.0.3.tgz"
  "version" "4.0.3"
  dependencies:
    "is-extglob" "^2.1.1"

"is-number@^7.0.0":
  "integrity" "sha512-41Cifkg6e8TylSpdtTpeLVMqvSBEVzTttHvERD741+pnZ8ANv0004MRL43QKPDlK9cGvNp6NZWZUBlbGXYxxng=="
  "resolved" "https://registry.npmjs.org/is-number/-/is-number-7.0.0.tgz"
  "version" "7.0.0"

"js-tokens@^3.0.0 || ^4.0.0":
  "integrity" "sha512-RdJUflcE3cUzKiMqQgsCu06FPu9UdIJO0beYbPhHN4k6apgJtifcoCtT9bcxOpYBtpD2kCM6Sbzg4CausW/PKQ=="
  "resolved" "https://registry.npmjs.org/js-tokens/-/js-tokens-4.0.0.tgz"
  "version" "4.0.0"

"lodash@^4.17.21":
  "integrity" "sha512-v2kDEe57lecTulaDIuNTPy3Ry4gLGJ6Z1O3vE1krgXZNrsQ+LFTGHVxVjcXPs17LhbZVGedAJv8XZ1tvj5FvSg=="
  "resolved" "https://registry.npmjs.org/lodash/-/lodash-4.17.21.tgz"
  "version" "4.17.21"

"loose-envify@^1.1.0":
  "integrity" "sha512-lyuxPGr/Wfhrlem2CL/UcnUc1zcqKAImBDzukY7Y5F/yQiNdko6+fRLevlw1HgMySw7f611UIY408EtxRSoK3Q=="
  "resolved" "https://registry.npmjs.org/loose-envify/-/loose-envify-1.4.0.tgz"
  "version" "1.4.0"
  dependencies:
    "js-tokens" "^3.0.0 || ^4.0.0"

"mime-db@1.52.0":
  "integrity" "sha512-sPU4uV7dYlvtWJxwwxHD0PuihVNiE7TyAbQ5SWxDCB9mUYvOgroQOwYQQOKPJ8CIbE+1ETVlOoK1UC2nU3gYvg=="
  "resolved" "https://registry.npmjs.org/mime-db/-/mime-db-1.52.0.tgz"
  "version" "1.52.0"

"mime-types@^2.1.12":
  "integrity" "sha512-ZDY+bPm5zTTF+YpCrAU9nK0UgICYPT0QtT1NZWFv4s++TNkcgVaT0g6+4R2uI4MjQjzysHB1zxuWL50hzaeXiw=="
  "resolved" "https://registry.npmjs.org/mime-types/-/mime-types-2.1.35.tgz"
  "version" "2.1.35"
  dependencies:
    "mime-db" "1.52.0"

"nanoid@^3.3.4":
  "integrity" "sha512-BGcqMMJuToF7i1rt+2PWSNVnWIkGCU78jBG3RxO/bZlnZPK2Cmi2QaffxGO/2RvWi9sL+FAiRiXMgsyxQ1DIDA=="
  "resolved" "https://registry.npmjs.org/nanoid/-/nanoid-3.3.6.tgz"
  "version" "3.3.6"

"next@13.4.12":
  "integrity" "sha512-eHfnru9x6NRmTMcjQp6Nz0J4XH9OubmzOa7CkWL+AUrUxpibub3vWwttjduu9No16dug1kq04hiUUpo7J3m3Xw=="
  "resolved" "https://registry.npmjs.org/next/-/next-13.4.12.tgz"
  "version" "13.4.12"
  dependencies:
    "@next/env" "13.4.12"
    "@swc/helpers" "0.5.1"
    "busboy" "1.6.0"
    "caniuse-lite" "^1.0.30001406"
    "postcss" "8.4.14"
    "styled-jsx" "5.1.1"
    "watchpack" "2.4.0"
    "zod" "3.21.4"
  optionalDependencies:
    "@next/swc-darwin-arm64" "13.4.12"
    "@next/swc-darwin-x64" "13.4.12"
    "@next/swc-linux-arm64-gnu" "13.4.12"
    "@next/swc-linux-arm64-musl" "13.4.12"
    "@next/swc-linux-x64-gnu" "13.4.12"
    "@next/swc-linux-x64-musl" "13.4.12"
    "@next/swc-win32-arm64-msvc" "13.4.12"
    "@next/swc-win32-ia32-msvc" "13.4.12"
    "@next/swc-win32-x64-msvc" "13.4.12"

"nookies@^2.5.2":
  "integrity" "sha512-x0TRSaosAEonNKyCrShoUaJ5rrT5KHRNZ5DwPCuizjgrnkpE5DRf3VL7AyyQin4htict92X1EQ7ejDbaHDVdYA=="
  "resolved" "https://registry.npmjs.org/nookies/-/nookies-2.5.2.tgz"
  "version" "2.5.2"
  dependencies:
    "cookie" "^0.4.1"
    "set-cookie-parser" "^2.4.6"

"normalize-path@^3.0.0", "normalize-path@~3.0.0":
  "integrity" "sha512-6eZs5Ls3WtCisHWp9S2GUy8dqkpGi4BVSz3GaqiE6ezub0512ESztXUwUB6C6IKbQkY2Pnb/mD4WYojCRwcwLA=="
  "resolved" "https://registry.npmjs.org/normalize-path/-/normalize-path-3.0.0.tgz"
  "version" "3.0.0"

"picocolors@^1.0.0":
  "integrity" "sha512-1fygroTLlHu66zi26VoTDv8yRgm0Fccecssto+MhsZ0D/DGW2sm8E8AjW7NU5VVTRt5GxbeZ5qBuJr+HyLYkjQ=="
  "resolved" "https://registry.npmjs.org/picocolors/-/picocolors-1.0.0.tgz"
  "version" "1.0.0"

"picomatch@^2.0.4", "picomatch@^2.2.1":
  "integrity" "sha512-JU3teHTNjmE2VCGFzuY8EXzCDVwEqB2a8fsIvwaStHhAWJEeVd1o1QD80CU6+ZdEXXSLbSsuLwJjkCBWqRQUVA=="
  "resolved" "https://registry.npmjs.org/picomatch/-/picomatch-2.3.1.tgz"
  "version" "2.3.1"

"postcss@8.4.14":
  "integrity" "sha512-E398TUmfAYFPBSdzgeieK2Y1+1cpdxJx8yXbK/m57nRhKSmk1GB2tO4lbLBtlkfPQTDKfe4Xqv1ASWPpayPEig=="
  "resolved" "https://registry.npmjs.org/postcss/-/postcss-8.4.14.tgz"
  "version" "8.4.14"
  dependencies:
    "nanoid" "^3.3.4"
    "picocolors" "^1.0.0"
    "source-map-js" "^1.0.2"

"proxy-from-env@^1.1.0":
  "integrity" "sha512-D+zkORCbA9f1tdWRK0RaCR3GPv50cMxcrz4X8k5LTSUD1Dkw47mKJEZQNunItRTkWwgtaUSo1RVFRIG9ZXiFYg=="
  "resolved" "https://registry.npmjs.org/proxy-from-env/-/proxy-from-env-1.1.0.tgz"
  "version" "1.1.0"

"react-dom@^18.2.0", "react-dom@>=16", "react-dom@18.2.0":
  "integrity" "sha512-6IMTriUmvsjHUjNtEDudZfuDQUoWXVxKHhlEGSk81n4YFS+r/Kl99wXiwlVXtPBtJenozv2P+hxDsw9eA7Xo6g=="
  "resolved" "https://registry.npmjs.org/react-dom/-/react-dom-18.2.0.tgz"
  "version" "18.2.0"
  dependencies:
    "loose-envify" "^1.1.0"
    "scheduler" "^0.23.0"

"react-icons@^4.10.1":
  "integrity" "sha512-/ngzDP/77tlCfqthiiGNZeYFACw85fUjZtLbedmJ5DTlNDIwETxhwBzdOJ21zj4iJdvc0J3y7yOsX3PpxAJzrw=="
  "resolved" "https://registry.npmjs.org/react-icons/-/react-icons-4.10.1.tgz"
  "version" "4.10.1"

"react-toastify@^9.1.3":
  "integrity" "sha512-fPfb8ghtn/XMxw3LkxQBk3IyagNpF/LIKjOBflbexr2AWxAH1MJgvnESwEwBn9liLFXgTKWgBSdZpw9m4OTHTg=="
  "resolved" "https://registry.npmjs.org/react-toastify/-/react-toastify-9.1.3.tgz"
  "version" "9.1.3"
  dependencies:
    "clsx" "^1.1.1"

"react@*", "react@^18.2.0", "react@>= 16.8.0 || 17.x.x || ^18.0.0-0", "react@>=16", "react@18.2.0":
  "integrity" "sha512-/3IjMdb2L9QbBdWiW5e3P2/npwMBaU9mHCSCUzNln0ZCYbcfTsGbTJrU/kGemdH2IWmB2ioZ+zkxtmq6g09fGQ=="
  "resolved" "https://registry.npmjs.org/react/-/react-18.2.0.tgz"
  "version" "18.2.0"
  dependencies:
    "loose-envify" "^1.1.0"

"readdirp@~3.6.0":
  "integrity" "sha512-hOS089on8RduqdbhvQ5Z37A0ESjsqz6qnRcffsMU3495FuTdqSm+7bhJ29JvIOsBDEEnan5DPu9t3To9VRlMzA=="
  "resolved" "https://registry.npmjs.org/readdirp/-/readdirp-3.6.0.tgz"
  "version" "3.6.0"
  dependencies:
    "picomatch" "^2.2.1"

"sass@^1.3.0", "sass@^1.64.1":
  "integrity" "sha512-16rRACSOFEE8VN7SCgBu1MpYCyN7urj9At898tyzdXFhC+a+yOX5dXwAR7L8/IdPJ1NB8OYoXmD55DM30B2kEQ=="
  "resolved" "https://registry.npmjs.org/sass/-/sass-1.64.1.tgz"
  "version" "1.64.1"
  dependencies:
    "chokidar" ">=3.0.0 <4.0.0"
    "immutable" "^4.0.0"
    "source-map-js" ">=0.6.2 <2.0.0"

"scheduler@^0.23.0":
  "integrity" "sha512-CtuThmgHNg7zIZWAXi3AsyIzA3n4xx7aNyjwC2VJldO2LMVDhFK+63xGqq6CsJH4rTAt6/M+N4GhZiDYPx9eUw=="
  "resolved" "https://registry.npmjs.org/scheduler/-/scheduler-0.23.0.tgz"
  "version" "0.23.0"
  dependencies:
    "loose-envify" "^1.1.0"

"set-cookie-parser@^2.4.6":
  "integrity" "sha512-RVnVQxTXuerk653XfuliOxBP81Sf0+qfQE73LIYKcyMYHG94AuH0kgrQpRDuTZnSmjpysHmzxJXKNfa6PjFhyQ=="
  "resolved" "https://registry.npmjs.org/set-cookie-parser/-/set-cookie-parser-2.6.0.tgz"
  "version" "2.6.0"

"source-map-js@^1.0.2", "source-map-js@>=0.6.2 <2.0.0":
  "integrity" "sha512-R0XvVJ9WusLiqTCEiGCmICCMplcCkIwwR11mOSD9CR5u+IXYdiseeEuXCVAjS54zqwkLcPNnmU4OeJ6tUrWhDw=="
  "resolved" "https://registry.npmjs.org/source-map-js/-/source-map-js-1.0.2.tgz"
  "version" "1.0.2"

"streamsearch@^1.1.0":
  "integrity" "sha512-Mcc5wHehp9aXz1ax6bZUyY5afg9u2rv5cqQI3mRrYkGC8rW2hM02jWuwjtL++LS5qinSyhj2QfLyNsuc+VsExg=="
  "resolved" "https://registry.npmjs.org/streamsearch/-/streamsearch-1.1.0.tgz"
  "version" "1.1.0"

"styled-jsx@5.1.1":
  "integrity" "sha512-pW7uC1l4mBZ8ugbiZrcIsiIvVx1UmTfw7UkC3Um2tmfUq9Bhk8IiyEIPl6F8agHgjzku6j0xQEZbfA5uSgSaCw=="
  "resolved" "https://registry.npmjs.org/styled-jsx/-/styled-jsx-5.1.1.tgz"
  "version" "5.1.1"
  dependencies:
    "client-only" "0.0.1"

"sweetalert2@^11.7.23":
  "integrity" "sha512-zhc2Jc/coeUFPCM7LyVaUddbSz1Av9/EgQVXxZVPre8cwJrTZXCOEAboCT11StS3vaFTio74cumWustmNzDOEw=="
  "resolved" "https://registry.npmjs.org/sweetalert2/-/sweetalert2-11.7.23.tgz"
  "version" "11.7.23"

"to-regex-range@^5.0.1":
  "integrity" "sha512-65P7iz6X5yEr1cwcgvQxbbIw7Uk3gOy5dIdtZ4rDveLqhrdJP+Li/Hx6tyK0NEb+2GCyneCMJiGqrADCSNk8sQ=="
  "resolved" "https://registry.npmjs.org/to-regex-range/-/to-regex-range-5.0.1.tgz"
  "version" "5.0.1"
  dependencies:
    "is-number" "^7.0.0"

"tslib@^2.4.0":
  "integrity" "sha512-t0hLfiEKfMUoqhG+U1oid7Pva4bbDPHYfJNiB7BiIjRkj1pyC++4N3huJfqY6aRH6VTB0rvtzQwjM4K6qpfOig=="
  "resolved" "https://registry.npmjs.org/tslib/-/tslib-2.6.1.tgz"
  "version" "2.6.1"

"typescript@5.1.6":
  "integrity" "sha512-zaWCozRZ6DLEWAWFrVDz1H6FVXzUSfTy5FUMWsQlU8Ym5JP9eO4xkTIROFCQvhQf61z6O/G6ugw3SgAnvvm+HA=="
  "resolved" "https://registry.npmjs.org/typescript/-/typescript-5.1.6.tgz"
  "version" "5.1.6"

"watchpack@2.4.0":
  "integrity" "sha512-Lcvm7MGST/4fup+ifyKi2hjyIAwcdI4HRgtvTpIUxBRhB+RFtUh8XtDOxUfctVCnhVi+QQj49i91OyvzkJl6cg=="
  "resolved" "https://registry.npmjs.org/watchpack/-/watchpack-2.4.0.tgz"
  "version" "2.4.0"
  dependencies:
    "glob-to-regexp" "^0.4.1"
    "graceful-fs" "^4.1.2"

"zod@3.21.4":
  "integrity" "sha512-m46AKbrzKVzOzs/DZgVnG5H55N1sv1M8qZU3A8RIKbs3mrACDNeIOeilDymVb2HdmP8uwshOCF4uJ8uM9rCqJw=="
  "resolved" "https://registry.npmjs.org/zod/-/zod-3.21.4.tgz"
  "version" "3.21.4"
